
Microsoft Visual Studio Solution File, Format Version 12.00
# Visual Studio Version 16
VisualStudioVersion = 16.0.29215.179
MinimumVisualStudioVersion = 10.0.40219.1
Project("{9A19103F-16F7-4668-BE54-9A1E7A4F7556}") = "NetNewsTickerCore", "NetNewsTicker\NetNewsTickerCore.csproj", "{1BC720F8-FC70-42DD-87E2-0E3B3C0E7596}"
EndProject
Global
	GlobalSection(SolutionConfigurationPlatforms) = preSolution
		Debug|Any CPU = Debug|Any CPU
		Release|Any CPU = Release|Any CPU
	EndGlobalSection
	GlobalSection(ProjectConfigurationPlatforms) = postSolution
		{1BC720F8-FC70-42DD-87E2-0E3B3C0E7596}.Debug|Any CPU.ActiveCfg = Debug|Any CPU
		{1BC720F8-FC70-42DD-87E2-0E3B3C0E7596}.Debug|Any CPU.Build.0 = Debug|Any CPU
		{1BC720F8-FC70-42DD-87E2-0E3B3C0E7596}.Release|Any CPU.ActiveCfg = Release|Any CPU
		{1BC720F8-FC70-42DD-87E2-0E3B3C0E7596}.Release|Any CPU.Build.0 = Release|Any CPU
	EndGlobalSection
	GlobalSection(SolutionProperties) = preSolution
		HideSolutionNode = FALSE
	EndGlobalSection
	GlobalSection(ExtensibilityGlobals) = postSolution
		SolutionGuid = {088D77E5-7E45-4BDF-A7DD-DA1050B6B0AE}
	EndGlobalSection
EndGlobal
